{
  "name": "cl.khipu",
  "version": "1.0.0",
  "lockfileVersion": 2,
  "requires": true,
  "packages": {
    "": {
      "name": "cl.khipu",
      "version": "1.0.0",
      "license": "Apache-2.0",
      "devDependencies": {
        "cordova-khenshin": "github:khipu/cordova-khenshin"
      }
    },
    "node_modules/cordova-khenshin": {
      "version": "0.0.27",
      "resolved": "git+ssh://git@github.com/khipu/cordova-khenshin.git#1982b0dfb8144fd85eac4e34124c5e5990cb53cd",
      "dev": true,
      "license": "MIT"
    }
  },
  "dependencies": {
    "cordova-khenshin": {
      "version": "git+ssh://git@github.com/khipu/cordova-khenshin.git#1982b0dfb8144fd85eac4e34124c5e5990cb53cd",
      "dev": true,
      "from": "cordova-khenshin@github:khipu/cordova-khenshin"
    }
  }
}
